// !$*UTF8*$!
{
	archiveVersion = 1;
	classes = {
	};
	objectVersion = 50;
	objects = {

/* Begin PBXBuildFile section */
		5E7FE7A324BF62E00059BB9E /* AppDelegate.swift in Sources */ = {isa = PBXBuildFile; fileRef = 5E7FE7A224BF62E00059BB9E /* AppDelegate.swift */; };
		5E7FE7A524BF62E00059BB9E /* SceneDelegate.swift in Sources */ = {isa = PBXBuildFile; fileRef = 5E7FE7A424BF62E00059BB9E /* SceneDelegate.swift */; };
		5E7FE7AC24BF62ED0059BB9E /* Assets.xcassets in Resources */ = {isa = PBXBuildFile; fileRef = 5E7FE7AB24BF62ED0059BB9E /* Assets.xcassets */; };
		5E7FE7AF24BF62ED0059BB9E /* LaunchScreen.storyboard in Resources */ = {isa = PBXBuildFile; fileRef = 5E7FE7AD24BF62ED0059BB9E /* LaunchScreen.storyboard */; };
		5E7FE7B824BF63500059BB9E /* MainModulePresenter.swift in Sources */ = {isa = PBXBuildFile; fileRef = 5E7FE7B724BF63500059BB9E /* MainModulePresenter.swift */; };
		5E7FE7BC24BF63980059BB9E /* Model.swift in Sources */ = {isa = PBXBuildFile; fileRef = 5E7FE7BB24BF63980059BB9E /* Model.swift */; };
		5E7FE7C124BF648B0059BB9E /* NetworkService.swift in Sources */ = {isa = PBXBuildFile; fileRef = 5E7FE7C024BF648B0059BB9E /* NetworkService.swift */; };
		5E7FE7C424BF71650059BB9E /* ModuleBuilder.swift in Sources */ = {isa = PBXBuildFile; fileRef = 5E7FE7C324BF71650059BB9E /* ModuleBuilder.swift */; };
		5E7FE7C724BF774E0059BB9E /* MainModuleViewController.swift in Sources */ = {isa = PBXBuildFile; fileRef = 5E7FE7C524BF774E0059BB9E /* MainModuleViewController.swift */; };
		5E7FE7C824BF774E0059BB9E /* MainModuleViewController.xib in Resources */ = {isa = PBXBuildFile; fileRef = 5E7FE7C624BF774E0059BB9E /* MainModuleViewController.xib */; };
		5E7FE7CC24C037270059BB9E /* HzTableViewCell.swift in Sources */ = {isa = PBXBuildFile; fileRef = 5E7FE7CA24C037270059BB9E /* HzTableViewCell.swift */; };
		5E7FE7CD24C037270059BB9E /* HzTableViewCell.xib in Resources */ = {isa = PBXBuildFile; fileRef = 5E7FE7CB24C037270059BB9E /* HzTableViewCell.xib */; };
		5E7FE7D024C040BF0059BB9E /* SelectorTableViewCell.swift in Sources */ = {isa = PBXBuildFile; fileRef = 5E7FE7CE24C040BF0059BB9E /* SelectorTableViewCell.swift */; };
		5E7FE7D124C040BF0059BB9E /* SelectorTableViewCell.xib in Resources */ = {isa = PBXBuildFile; fileRef = 5E7FE7CF24C040BF0059BB9E /* SelectorTableViewCell.xib */; };
		5E7FE7D624C0601D0059BB9E /* PictureTableViewCell.swift in Sources */ = {isa = PBXBuildFile; fileRef = 5E7FE7D424C0601D0059BB9E /* PictureTableViewCell.swift */; };
		5E7FE7D724C0601D0059BB9E /* PictureTableViewCell.xib in Resources */ = {isa = PBXBuildFile; fileRef = 5E7FE7D524C0601D0059BB9E /* PictureTableViewCell.xib */; };
		5E7FE7DA24C0928E0059BB9E /* Extension.swift in Sources */ = {isa = PBXBuildFile; fileRef = 5E7FE7D924C0928E0059BB9E /* Extension.swift */; };
/* End PBXBuildFile section */

/* Begin PBXFileReference section */
		5E7FE79F24BF62E00059BB9E /* PryanikTestovoe.app */ = {isa = PBXFileReference; explicitFileType = wrapper.application; includeInIndex = 0; path = PryanikTestovoe.app; sourceTree = BUILT_PRODUCTS_DIR; };
		5E7FE7A224BF62E00059BB9E /* AppDelegate.swift */ = {isa = PBXFileReference; lastKnownFileType = sourcecode.swift; path = AppDelegate.swift; sourceTree = "<group>"; };
		5E7FE7A424BF62E00059BB9E /* SceneDelegate.swift */ = {isa = PBXFileReference; lastKnownFileType = sourcecode.swift; path = SceneDelegate.swift; sourceTree = "<group>"; };
		5E7FE7AB24BF62ED0059BB9E /* Assets.xcassets */ = {isa = PBXFileReference; lastKnownFileType = folder.assetcatalog; path = Assets.xcassets; sourceTree = "<group>"; };
		5E7FE7AE24BF62ED0059BB9E /* Base */ = {isa = PBXFileReference; lastKnownFileType = file.storyboard; name = Base; path = Base.lproj/LaunchScreen.storyboard; sourceTree = "<group>"; };
		5E7FE7B024BF62ED0059BB9E /* Info.plist */ = {isa = PBXFileReference; lastKnownFileType = text.plist.xml; path = Info.plist; sourceTree = "<group>"; };
		5E7FE7B724BF63500059BB9E /* MainModulePresenter.swift */ = {isa = PBXFileReference; lastKnownFileType = sourcecode.swift; path = MainModulePresenter.swift; sourceTree = "<group>"; };
		5E7FE7BB24BF63980059BB9E /* Model.swift */ = {isa = PBXFileReference; lastKnownFileType = sourcecode.swift; path = Model.swift; sourceTree = "<group>"; };
		5E7FE7C024BF648B0059BB9E /* NetworkService.swift */ = {isa = PBXFileReference; lastKnownFileType = sourcecode.swift; path = NetworkService.swift; sourceTree = "<group>"; };
		5E7FE7C324BF71650059BB9E /* ModuleBuilder.swift */ = {isa = PBXFileReference; lastKnownFileType = sourcecode.swift; path = ModuleBuilder.swift; sourceTree = "<group>"; };
		5E7FE7C524BF774E0059BB9E /* MainModuleViewController.swift */ = {isa = PBXFileReference; lastKnownFileType = sourcecode.swift; path = MainModuleViewController.swift; sourceTree = "<group>"; };
		5E7FE7C624BF774E0059BB9E /* MainModuleViewController.xib */ = {isa = PBXFileReference; lastKnownFileType = file.xib; path = MainModuleViewController.xib; sourceTree = "<group>"; };
		5E7FE7CA24C037270059BB9E /* HzTableViewCell.swift */ = {isa = PBXFileReference; lastKnownFileType = sourcecode.swift; path = HzTableViewCell.swift; sourceTree = "<group>"; };
		5E7FE7CB24C037270059BB9E /* HzTableViewCell.xib */ = {isa = PBXFileReference; lastKnownFileType = file.xib; path = HzTableViewCell.xib; sourceTree = "<group>"; };
		5E7FE7CE24C040BF0059BB9E /* SelectorTableViewCell.swift */ = {isa = PBXFileReference; lastKnownFileType = sourcecode.swift; path = SelectorTableViewCell.swift; sourceTree = "<group>"; };
		5E7FE7CF24C040BF0059BB9E /* SelectorTableViewCell.xib */ = {isa = PBXFileReference; lastKnownFileType = file.xib; path = SelectorTableViewCell.xib; sourceTree = "<group>"; };
		5E7FE7D424C0601D0059BB9E /* PictureTableViewCell.swift */ = {isa = PBXFileReference; lastKnownFileType = sourcecode.swift; path = PictureTableViewCell.swift; sourceTree = "<group>"; };
		5E7FE7D524C0601D0059BB9E /* PictureTableViewCell.xib */ = {isa = PBXFileReference; lastKnownFileType = file.xib; path = PictureTableViewCell.xib; sourceTree = "<group>"; };
		5E7FE7D924C0928E0059BB9E /* Extension.swift */ = {isa = PBXFileReference; lastKnownFileType = sourcecode.swift; path = Extension.swift; sourceTree = "<group>"; };
/* End PBXFileReference section */

/* Begin PBXFrameworksBuildPhase section */
		5E7FE79C24BF62E00059BB9E /* Frameworks */ = {
			isa = PBXFrameworksBuildPhase;
			buildActionMask = 2147483647;
			files = (
			);
			runOnlyForDeploymentPostprocessing = 0;
		};
/* End PBXFrameworksBuildPhase section */

/* Begin PBXGroup section */
		5E3CD70624C1969B00F078FC /* HzCell */ = {
			isa = PBXGroup;
			children = (
				5E7FE7CA24C037270059BB9E /* HzTableViewCell.swift */,
				5E7FE7CB24C037270059BB9E /* HzTableViewCell.xib */,
			);
			path = HzCell;
			sourceTree = "<group>";
		};
		5E3CD70724C196A600F078FC /* SelectorCell */ = {
			isa = PBXGroup;
			children = (
				5E7FE7CE24C040BF0059BB9E /* SelectorTableViewCell.swift */,
				5E7FE7CF24C040BF0059BB9E /* SelectorTableViewCell.xib */,
			);
			path = SelectorCell;
			sourceTree = "<group>";
		};
		5E3CD70824C196B000F078FC /* PictureCell */ = {
			isa = PBXGroup;
			children = (
				5E7FE7D424C0601D0059BB9E /* PictureTableViewCell.swift */,
				5E7FE7D524C0601D0059BB9E /* PictureTableViewCell.xib */,
			);
			path = PictureCell;
			sourceTree = "<group>";
		};
		5E7FE79624BF62E00059BB9E = {
			isa = PBXGroup;
			children = (
				5E7FE7A124BF62E00059BB9E /* PryanikTestovoe */,
				5E7FE7A024BF62E00059BB9E /* Products */,
			);
			sourceTree = "<group>";
		};
		5E7FE7A024BF62E00059BB9E /* Products */ = {
			isa = PBXGroup;
			children = (
				5E7FE79F24BF62E00059BB9E /* PryanikTestovoe.app */,
			);
			name = Products;
			sourceTree = "<group>";
		};
		5E7FE7A124BF62E00059BB9E /* PryanikTestovoe */ = {
			isa = PBXGroup;
			children = (
				5E7FE7A224BF62E00059BB9E /* AppDelegate.swift */,
				5E7FE7C324BF71650059BB9E /* ModuleBuilder.swift */,
				5E7FE7A424BF62E00059BB9E /* SceneDelegate.swift */,
				5E7FE7D924C0928E0059BB9E /* Extension.swift */,
				5E7FE7C224BF64910059BB9E /* Service */,
				5E7FE7B624BF63080059BB9E /* MainModule */,
				5E7FE7AB24BF62ED0059BB9E /* Assets.xcassets */,
				5E7FE7AD24BF62ED0059BB9E /* LaunchScreen.storyboard */,
				5E7FE7B024BF62ED0059BB9E /* Info.plist */,
			);
			path = PryanikTestovoe;
			sourceTree = "<group>";
		};
		5E7FE7B624BF63080059BB9E /* MainModule */ = {
			isa = PBXGroup;
			children = (
				5E7FE7BD24BF63A60059BB9E /* Presenter */,
				5E7FE7BE24BF63B10059BB9E /* View */,
				5E7FE7BF24BF63B70059BB9E /* Model */,
			);
			path = MainModule;
			sourceTree = "<group>";
		};
		5E7FE7BD24BF63A60059BB9E /* Presenter */ = {
			isa = PBXGroup;
			children = (
				5E7FE7B724BF63500059BB9E /* MainModulePresenter.swift */,
			);
			path = Presenter;
			sourceTree = "<group>";
		};
		5E7FE7BE24BF63B10059BB9E /* View */ = {
			isa = PBXGroup;
			children = (
				5E7FE7C924C037030059BB9E /* Cell */,
				5E7FE7C524BF774E0059BB9E /* MainModuleViewController.swift */,
				5E7FE7C624BF774E0059BB9E /* MainModuleViewController.xib */,
			);
			path = View;
			sourceTree = "<group>";
		};
		5E7FE7BF24BF63B70059BB9E /* Model */ = {
			isa = PBXGroup;
			children = (
				5E7FE7BB24BF63980059BB9E /* Model.swift */,
			);
			path = Model;
			sourceTree = "<group>";
		};
		5E7FE7C224BF64910059BB9E /* Service */ = {
			isa = PBXGroup;
			children = (
				5E7FE7C024BF648B0059BB9E /* NetworkService.swift */,
			);
			path = Service;
			sourceTree = "<group>";
		};
		5E7FE7C924C037030059BB9E /* Cell */ = {
			isa = PBXGroup;
			children = (
				5E3CD70624C1969B00F078FC /* HzCell */,
				5E3CD70724C196A600F078FC /* SelectorCell */,
				5E3CD70824C196B000F078FC /* PictureCell */,
			);
			path = Cell;
			sourceTree = "<group>";
		};
/* End PBXGroup section */

/* Begin PBXNativeTarget section */
		5E7FE79E24BF62E00059BB9E /* PryanikTestovoe */ = {
			isa = PBXNativeTarget;
			buildConfigurationList = 5E7FE7B324BF62ED0059BB9E /* Build configuration list for PBXNativeTarget "PryanikTestovoe" */;
			buildPhases = (
				5E7FE79B24BF62E00059BB9E /* Sources */,
				5E7FE79C24BF62E00059BB9E /* Frameworks */,
				5E7FE79D24BF62E00059BB9E /* Resources */,
			);
			buildRules = (
			);
			dependencies = (
			);
			name = PryanikTestovoe;
			productName = PryanikTestovoe;
			productReference = 5E7FE79F24BF62E00059BB9E /* PryanikTestovoe.app */;
			productType = "com.apple.product-type.application";
		};
/* End PBXNativeTarget section */

/* Begin PBXProject section */
		5E7FE79724BF62E00059BB9E /* Project object */ = {
			isa = PBXProject;
			attributes = {
				LastSwiftUpdateCheck = 1150;
				LastUpgradeCheck = 1150;
				ORGANIZATIONNAME = "Denis Zhukov";
				TargetAttributes = {
					5E7FE79E24BF62E00059BB9E = {
						CreatedOnToolsVersion = 11.5;
					};
				};
			};
			buildConfigurationList = 5E7FE79A24BF62E00059BB9E /* Build configuration list for PBXProject "PryanikTestovoe" */;
			compatibilityVersion = "Xcode 9.3";
			developmentRegion = en;
			hasScannedForEncodings = 0;
			knownRegions = (
				en,
				Base,
			);
			mainGroup = 5E7FE79624BF62E00059BB9E;
			productRefGroup = 5E7FE7A024BF62E00059BB9E /* Products */;
			projectDirPath = "";
			projectRoot = "";
			targets = (
				5E7FE79E24BF62E00059BB9E /* PryanikTestovoe */,
			);
		};
/* End PBXProject section */

/* Begin PBXResourcesBuildPhase section */
		5E7FE79D24BF62E00059BB9E /* Resources */ = {
			isa = PBXResourcesBuildPhase;
			buildActionMask = 2147483647;
			files = (
				5E7FE7D724C0601D0059BB9E /* PictureTableViewCell.xib in Resources */,
				5E7FE7AF24BF62ED0059BB9E /* LaunchScreen.storyboard in Resources */,
				5E7FE7D124C040BF0059BB9E /* SelectorTableViewCell.xib in Resources */,
				5E7FE7CD24C037270059BB9E /* HzTableViewCell.xib in Resources */,
				5E7FE7AC24BF62ED0059BB9E /* Assets.xcassets in Resources */,
				5E7FE7C824BF774E0059BB9E /* MainModuleViewController.xib in Resources */,
			);
			runOnlyForDeploymentPostprocessing = 0;
		};
/* End PBXResourcesBuildPhase section */

/* Begin PBXSourcesBuildPhase section */
		5E7FE79B24BF62E00059BB9E /* Sources */ = {
			isa = PBXSourcesBuildPhase;
			buildActionMask = 2147483647;
			files = (
				5E7FE7A324BF62E00059BB9E /* AppDelegate.swift in Sources */,
				5E7FE7D024C040BF0059BB9E /* SelectorTableViewCell.swift in Sources */,
				5E7FE7DA24C0928E0059BB9E /* Extension.swift in Sources */,
				5E7FE7A524BF62E00059BB9E /* SceneDelegate.swift in Sources */,
				5E7FE7CC24C037270059BB9E /* HzTableViewCell.swift in Sources */,
				5E7FE7C724BF774E0059BB9E /* MainModuleViewController.swift in Sources */,
				5E7FE7C424BF71650059BB9E /* ModuleBuilder.swift in Sources */,
				5E7FE7BC24BF63980059BB9E /* Model.swift in Sources */,
				5E7FE7B824BF63500059BB9E /* MainModulePresenter.swift in Sources */,
				5E7FE7D624C0601D0059BB9E /* PictureTableViewCell.swift in Sources */,
				5E7FE7C124BF648B0059BB9E /* NetworkService.swift in Sources */,
			);
			runOnlyForDeploymentPostprocessing = 0;
		};
/* End PBXSourcesBuildPhase section */

/* Begin PBXVariantGroup section */
		5E7FE7AD24BF62ED0059BB9E /* LaunchScreen.storyboard */ = {
			isa = PBXVariantGroup;
			children = (
				5E7FE7AE24BF62ED0059BB9E /* Base */,
			);
			name = LaunchScreen.storyboard;
			sourceTree = "<group>";
		};
/* End PBXVariantGroup section */

/* Begin XCBuildConfiguration section */
		5E7FE7B124BF62ED0059BB9E /* Debug */ = {
			isa = XCBuildConfiguration;
			buildSettings = {
				ALWAYS_SEARCH_USER_PATHS = NO;
				CLANG_ANALYZER_NONNULL = YES;
				CLANG_ANALYZER_NUMBER_OBJECT_CONVERSION = YES_AGGRESSIVE;
				CLANG_CXX_LANGUAGE_STANDARD = "gnu++14";
				CLANG_CXX_LIBRARY = "libc++";
				CLANG_ENABLE_MODULES = YES;
				CLANG_ENABLE_OBJC_ARC = YES;
				CLANG_ENABLE_OBJC_WEAK = YES;
				CLANG_WARN_BLOCK_CAPTURE_AUTORELEASING = YES;
				CLANG_WARN_BOOL_CONVERSION = YES;
				CLANG_WARN_COMMA = YES;
				CLANG_WARN_CONSTANT_CONVERSION = YES;
				CLANG_WARN_DEPRECATED_OBJC_IMPLEMENTATIONS = YES;
				CLANG_WARN_DIRECT_OBJC_ISA_USAGE = YES_ERROR;
				CLANG_WARN_DOCUMENTATION_COMMENTS = YES;
				CLANG_WARN_EMPTY_BODY = YES;
				CLANG_WARN_ENUM_CONVERSION = YES;
				CLANG_WARN_INFINITE_RECURSION = YES;
				CLANG_WARN_INT_CONVERSION = YES;
				CLANG_WARN_NON_LITERAL_NULL_CONVERSION = YES;
				CLANG_WARN_OBJC_IMPLICIT_RETAIN_SELF = YES;
				CLANG_WARN_OBJC_LITERAL_CONVERSION = YES;
				CLANG_WARN_OBJC_ROOT_CLASS = YES_ERROR;
				CLANG_WARN_RANGE_LOOP_ANALYSIS = YES;
				CLANG_WARN_STRICT_PROTOTYPES = YES;
				CLANG_WARN_SUSPICIOUS_MOVE = YES;
				CLANG_WARN_UNGUARDED_AVAILABILITY = YES_AGGRESSIVE;
				CLANG_WARN_UNREACHABLE_CODE = YES;
				CLANG_WARN__DUPLICATE_METHOD_MATCH = YES;
				COPY_PHASE_STRIP = NO;
				DEBUG_INFORMATION_FORMAT = dwarf;
				ENABLE_STRICT_OBJC_MSGSEND = YES;
				ENABLE_TESTABILITY = YES;
				GCC_C_LANGUAGE_STANDARD = gnu11;
				GCC_DYNAMIC_NO_PIC = NO;
				GCC_NO_COMMON_BLOCKS = YES;
				GCC_OPTIMIZATION_LEVEL = 0;
				GCC_PREPROCESSOR_DEFINITIONS = (
					"DEBUG=1",
					"$(inherited)",
				);
				GCC_WARN_64_TO_32_BIT_CONVERSION = YES;
				GCC_WARN_ABOUT_RETURN_TYPE = YES_ERROR;
				GCC_WARN_UNDECLARED_SELECTOR = YES;
				GCC_WARN_UNINITIALIZED_AUTOS = YES_AGGRESSIVE;
				GCC_WARN_UNUSED_FUNCTION = YES;
				GCC_WARN_UNUSED_VARIABLE = YES;
				IPHONEOS_DEPLOYMENT_TARGET = 13.5;
				MTL_ENABLE_DEBUG_INFO = INCLUDE_SOURCE;
				MTL_FAST_MATH = YES;
				ONLY_ACTIVE_ARCH = YES;
				SDKROOT = iphoneos;
				SWIFT_ACTIVE_COMPILATION_CONDITIONS = DEBUG;
				SWIFT_OPTIMIZATION_LEVEL = "-Onone";
			};
			name = Debug;
		};
		5E7FE7B224BF62ED0059BB9E /* Release */ = {
			isa = XCBuildConfiguration;
			buildSettings = {
				ALWAYS_SEARCH_USER_PATHS = NO;
				CLANG_ANALYZER_NONNULL = YES;
				CLANG_ANALYZER_NUMBER_OBJECT_CONVERSION = YES_AGGRESSIVE;
				CLANG_CXX_LANGUAGE_STANDARD = "gnu++14";
				CLANG_CXX_LIBRARY = "libc++";
				CLANG_ENABLE_MODULES = YES;
				CLANG_ENABLE_OBJC_ARC = YES;
				CLANG_ENABLE_OBJC_WEAK = YES;
				CLANG_WARN_BLOCK_CAPTURE_AUTORELEASING = YES;
				CLANG_WARN_BOOL_CONVERSION = YES;
				CLANG_WARN_COMMA = YES;
				CLANG_WARN_CONSTANT_CONVERSION = YES;
				CLANG_WARN_DEPRECATED_OBJC_IMPLEMENTATIONS = YES;
				CLANG_WARN_DIRECT_OBJC_ISA_USAGE = YES_ERROR;
				CLANG_WARN_DOCUMENTATION_COMMENTS = YES;
				CLANG_WARN_EMPTY_BODY = YES;
				CLANG_WARN_ENUM_CONVERSION = YES;
				CLANG_WARN_INFINITE_RECURSION = YES;
				CLANG_WARN_INT_CONVERSION = YES;
				CLANG_WARN_NON_LITERAL_NULL_CONVERSION = YES;
				CLANG_WARN_OBJC_IMPLICIT_RETAIN_SELF = YES;
				CLANG_WARN_OBJC_LITERAL_CONVERSION = YES;
				CLANG_WARN_OBJC_ROOT_CLASS = YES_ERROR;
				CLANG_WARN_RANGE_LOOP_ANALYSIS = YES;
				CLANG_WARN_STRICT_PROTOTYPES = YES;
				CLANG_WARN_SUSPICIOUS_MOVE = YES;
				CLANG_WARN_UNGUARDED_AVAILABILITY = YES_AGGRESSIVE;
				CLANG_WARN_UNREACHABLE_CODE = YES;
				CLANG_WARN__DUPLICATE_METHOD_MATCH = YES;
				COPY_PHASE_STRIP = NO;
				DEBUG_INFORMATION_FORMAT = "dwarf-with-dsym";
				ENABLE_NS_ASSERTIONS = NO;
				ENABLE_STRICT_OBJC_MSGSEND = YES;
				GCC_C_LANGUAGE_STANDARD = gnu11;
				GCC_NO_COMMON_BLOCKS = YES;
				GCC_WARN_64_TO_32_BIT_CONVERSION = YES;
				GCC_WARN_ABOUT_RETURN_TYPE = YES_ERROR;
				GCC_WARN_UNDECLARED_SELECTOR = YES;
				GCC_WARN_UNINITIALIZED_AUTOS = YES_AGGRESSIVE;
				GCC_WARN_UNUSED_FUNCTION = YES;
				GCC_WARN_UNUSED_VARIABLE = YES;
				IPHONEOS_DEPLOYMENT_TARGET = 13.5;
				MTL_ENABLE_DEBUG_INFO = NO;
				MTL_FAST_MATH = YES;
				SDKROOT = iphoneos;
				SWIFT_COMPILATION_MODE = wholemodule;
				SWIFT_OPTIMIZATION_LEVEL = "-O";
				VALIDATE_PRODUCT = YES;
			};
			name = Release;
		};
		5E7FE7B424BF62ED0059BB9E /* Debug */ = {
			isa = XCBuildConfiguration;
			buildSettings = {
				ASSETCATALOG_COMPILER_APPICON_NAME = AppIcon;
				CODE_SIGN_STYLE = Automatic;
				DEVELOPMENT_TEAM = NPRQVD263B;
				INFOPLIST_FILE = PryanikTestovoe/Info.plist;
				LD_RUNPATH_SEARCH_PATHS = (
					"$(inherited)",
					"@executable_path/Frameworks",
				);
				PRODUCT_BUNDLE_IDENTIFIER = Zhukov.Denis.PryanikTestovoe;
				PRODUCT_NAME = "$(TARGET_NAME)";
				SWIFT_VERSION = 5.0;
				TARGETED_DEVICE_FAMILY = "1,2";
			};
			name = Debug;
		};
		5E7FE7B524BF62ED0059BB9E /* Release */ = {
			isa = XCBuildConfiguration;
			buildSettings = {
				ASSETCATALOG_COMPILER_APPICON_NAME = AppIcon;
				CODE_SIGN_STYLE = Automatic;
				DEVELOPMENT_TEAM = NPRQVD263B;
				INFOPLIST_FILE = PryanikTestovoe/Info.plist;
				LD_RUNPATH_SEARCH_PATHS = (
					"$(inherited)",
					"@executable_path/Frameworks",
				);
				PRODUCT_BUNDLE_IDENTIFIER = Zhukov.Denis.PryanikTestovoe;
				PRODUCT_NAME = "$(TARGET_NAME)";
				SWIFT_VERSION = 5.0;
				TARGETED_DEVICE_FAMILY = "1,2";
			};
			name = Release;
		};
/* End XCBuildConfiguration section */

/* Begin XCConfigurationList section */
		5E7FE79A24BF62E00059BB9E /* Build configuration list for PBXProject "PryanikTestovoe" */ = {
			isa = XCConfigurationList;
			buildConfigurations = (
				5E7FE7B124BF62ED0059BB9E /* Debug */,
				5E7FE7B224BF62ED0059BB9E /* Release */,
			);
			defaultConfigurationIsVisible = 0;
			defaultConfigurationName = Release;
		};
		5E7FE7B324BF62ED0059BB9E /* Build configuration list for PBXNativeTarget "PryanikTestovoe" */ = {
			isa = XCConfigurationList;
			buildConfigurations = (
				5E7FE7B424BF62ED0059BB9E /* Debug */,
				5E7FE7B524BF62ED0059BB9E /* Release */,
			);
			defaultConfigurationIsVisible = 0;
			defaultConfigurationName = Release;
		};
/* End XCConfigurationList section */
	};
	rootObject = 5E7FE79724BF62E00059BB9E /* Project object */;
}
